
Microsoft Visual Studio Solution File, Format Version 12.00
# Visual Studio 15
VisualStudioVersion = 15.0.27428.2037
MinimumVisualStudioVersion = 10.0.40219.1
Project("{FAE04EC0-301F-11D3-BF4B-00C04F79EFBC}") = "ExampleApp", "ExampleApp\ExampleApp.csproj", "{98C36FE4-2B26-4B0F-B55C-513E4BA5A1DF}"
EndProject
Project("{2150E333-8FDC-42A3-9474-1A3956D46DE8}") = "src", "src", "{F14E3BFA-2509-4C34-9E63-8C934FEA71A2}"
EndProject
Global
	GlobalSection(SolutionConfigurationPlatforms) = preSolution
		Debug|Any CPU = Debug|Any CPU
		Release|Any CPU = Release|Any CPU
	EndGlobalSection
	GlobalSection(ProjectConfigurationPlatforms) = postSolution
		{98C36FE4-2B26-4B0F-B55C-513E4BA5A1DF}.Debug|Any CPU.ActiveCfg = Debug|Any CPU
		{98C36FE4-2B26-4B0F-B55C-513E4BA5A1DF}.Debug|Any CPU.Build.0 = Debug|Any CPU
		{98C36FE4-2B26-4B0F-B55C-513E4BA5A1DF}.Release|Any CPU.ActiveCfg = Release|Any CPU
		{98C36FE4-2B26-4B0F-B55C-513E4BA5A1DF}.Release|Any CPU.Build.0 = Release|Any CPU
	EndGlobalSection
	GlobalSection(SolutionProperties) = preSolution
		HideSolutionNode = FALSE
	EndGlobalSection
	GlobalSection(NestedProjects) = preSolution
		{98C36FE4-2B26-4B0F-B55C-513E4BA5A1DF} = {F14E3BFA-2509-4C34-9E63-8C934FEA71A2}
	EndGlobalSection
	GlobalSection(ExtensibilityGlobals) = postSolution
		SolutionGuid = {88B23848-E51E-4821-98B9-CEFB5D244302}
	EndGlobalSection
EndGlobal
